
Microsoft Visual Studio Solution File, Format Version 12.00
# Visual Studio Version 17
VisualStudioVersion = 17.11.35312.102
MinimumVisualStudioVersion = 10.0.40219.1
Project("{9A19103F-16F7-4668-BE54-9A1E7A4F7556}") = "Fenzwork", "Source\Fenzwork\Fenzwork.csproj", "{A429F892-C30F-43A9-9650-0790B10FC3CC}"
EndProject
Project("{2150E333-8FDC-42A3-9474-1A3956D46DE8}") = "Tests", "Tests", "{E6D3E9B2-DA8E-41A9-A155-FC59B0C5778E}"
EndProject
Project("{9A19103F-16F7-4668-BE54-9A1E7A4F7556}") = "Sandbox", "Tests\Sandbox\Sandbox.csproj", "{52AC8A0E-A5CA-499E-9E8D-48A9433A57F6}"
EndProject
Project("{2150E333-8FDC-42A3-9474-1A3956D46DE8}") = "Source", "Source", "{47A546A4-E8D4-40BF-BCAF-0ADB44FCFC87}"
EndProject
Project("{9A19103F-16F7-4668-BE54-9A1E7A4F7556}") = "Sandbox.DesktopGL", "Tests\Sandbox.DesktopGL\Sandbox.DesktopGL.csproj", "{2F6A4239-8B18-4C38-B34B-117B7FFD7066}"
EndProject
Project("{9A19103F-16F7-4668-BE54-9A1E7A4F7556}") = "Fenzwork.GenLib", "Source\Fenzwork.GenLib\Fenzwork.GenLib.csproj", "{D8A8A966-4181-4A7E-A863-C95FC9727866}"
EndProject
Project("{9A19103F-16F7-4668-BE54-9A1E7A4F7556}") = "Fenzwork.GenTool", "Source\Fenzwork.GenTool\Fenzwork.GenTool.csproj", "{51FD3CB4-5DB1-4821-8F48-5F65501F6EC8}"
EndProject
Project("{9A19103F-16F7-4668-BE54-9A1E7A4F7556}") = "Fenzwork.Ase2Png", "Source\Fenzwork.Ase2Png\Fenzwork.Ase2Png.csproj", "{7DADD0B1-1510-48DC-B52C-03B973A94CCD}"
EndProject
Project("{9A19103F-16F7-4668-BE54-9A1E7A4F7556}") = "Fenzwork.Desktop", "Source\Fenzwork.Desktop\Fenzwork.Desktop.csproj", "{ACA5C6F2-24C3-46E9-9DDC-3C65C14D5A1A}"
EndProject
Global
	GlobalSection(SolutionConfigurationPlatforms) = preSolution
		Debug|Any CPU = Debug|Any CPU
		Release|Any CPU = Release|Any CPU
	EndGlobalSection
	GlobalSection(ProjectConfigurationPlatforms) = postSolution
		{A429F892-C30F-43A9-9650-0790B10FC3CC}.Debug|Any CPU.ActiveCfg = Debug|Any CPU
		{A429F892-C30F-43A9-9650-0790B10FC3CC}.Debug|Any CPU.Build.0 = Debug|Any CPU
		{A429F892-C30F-43A9-9650-0790B10FC3CC}.Release|Any CPU.ActiveCfg = Release|Any CPU
		{A429F892-C30F-43A9-9650-0790B10FC3CC}.Release|Any CPU.Build.0 = Release|Any CPU
		{52AC8A0E-A5CA-499E-9E8D-48A9433A57F6}.Debug|Any CPU.ActiveCfg = Debug|Any CPU
		{52AC8A0E-A5CA-499E-9E8D-48A9433A57F6}.Debug|Any CPU.Build.0 = Debug|Any CPU
		{52AC8A0E-A5CA-499E-9E8D-48A9433A57F6}.Release|Any CPU.ActiveCfg = Release|Any CPU
		{52AC8A0E-A5CA-499E-9E8D-48A9433A57F6}.Release|Any CPU.Build.0 = Release|Any CPU
		{2F6A4239-8B18-4C38-B34B-117B7FFD7066}.Debug|Any CPU.ActiveCfg = Debug|Any CPU
		{2F6A4239-8B18-4C38-B34B-117B7FFD7066}.Debug|Any CPU.Build.0 = Debug|Any CPU
		{2F6A4239-8B18-4C38-B34B-117B7FFD7066}.Release|Any CPU.ActiveCfg = Release|Any CPU
		{2F6A4239-8B18-4C38-B34B-117B7FFD7066}.Release|Any CPU.Build.0 = Release|Any CPU
		{D8A8A966-4181-4A7E-A863-C95FC9727866}.Debug|Any CPU.ActiveCfg = Debug|Any CPU
		{D8A8A966-4181-4A7E-A863-C95FC9727866}.Debug|Any CPU.Build.0 = Debug|Any CPU
		{D8A8A966-4181-4A7E-A863-C95FC9727866}.Release|Any CPU.ActiveCfg = Release|Any CPU
		{D8A8A966-4181-4A7E-A863-C95FC9727866}.Release|Any CPU.Build.0 = Release|Any CPU
		{51FD3CB4-5DB1-4821-8F48-5F65501F6EC8}.Debug|Any CPU.ActiveCfg = Debug|Any CPU
		{51FD3CB4-5DB1-4821-8F48-5F65501F6EC8}.Debug|Any CPU.Build.0 = Debug|Any CPU
		{51FD3CB4-5DB1-4821-8F48-5F65501F6EC8}.Release|Any CPU.ActiveCfg = Release|Any CPU
		{51FD3CB4-5DB1-4821-8F48-5F65501F6EC8}.Release|Any CPU.Build.0 = Release|Any CPU
		{7DADD0B1-1510-48DC-B52C-03B973A94CCD}.Debug|Any CPU.ActiveCfg = Debug|Any CPU
		{7DADD0B1-1510-48DC-B52C-03B973A94CCD}.Debug|Any CPU.Build.0 = Debug|Any CPU
		{7DADD0B1-1510-48DC-B52C-03B973A94CCD}.Release|Any CPU.ActiveCfg = Release|Any CPU
		{7DADD0B1-1510-48DC-B52C-03B973A94CCD}.Release|Any CPU.Build.0 = Release|Any CPU
		{ACA5C6F2-24C3-46E9-9DDC-3C65C14D5A1A}.Debug|Any CPU.ActiveCfg = Debug|Any CPU
		{ACA5C6F2-24C3-46E9-9DDC-3C65C14D5A1A}.Debug|Any CPU.Build.0 = Debug|Any CPU
		{ACA5C6F2-24C3-46E9-9DDC-3C65C14D5A1A}.Release|Any CPU.ActiveCfg = Release|Any CPU
		{ACA5C6F2-24C3-46E9-9DDC-3C65C14D5A1A}.Release|Any CPU.Build.0 = Release|Any CPU
	EndGlobalSection
	GlobalSection(SolutionProperties) = preSolution
		HideSolutionNode = FALSE
	EndGlobalSection
	GlobalSection(NestedProjects) = preSolution
		{A429F892-C30F-43A9-9650-0790B10FC3CC} = {47A546A4-E8D4-40BF-BCAF-0ADB44FCFC87}
		{52AC8A0E-A5CA-499E-9E8D-48A9433A57F6} = {E6D3E9B2-DA8E-41A9-A155-FC59B0C5778E}
		{2F6A4239-8B18-4C38-B34B-117B7FFD7066} = {E6D3E9B2-DA8E-41A9-A155-FC59B0C5778E}
		{D8A8A966-4181-4A7E-A863-C95FC9727866} = {47A546A4-E8D4-40BF-BCAF-0ADB44FCFC87}
		{51FD3CB4-5DB1-4821-8F48-5F65501F6EC8} = {47A546A4-E8D4-40BF-BCAF-0ADB44FCFC87}
		{7DADD0B1-1510-48DC-B52C-03B973A94CCD} = {47A546A4-E8D4-40BF-BCAF-0ADB44FCFC87}
		{ACA5C6F2-24C3-46E9-9DDC-3C65C14D5A1A} = {47A546A4-E8D4-40BF-BCAF-0ADB44FCFC87}
	EndGlobalSection
	GlobalSection(ExtensibilityGlobals) = postSolution
		SolutionGuid = {D10E88C0-66D8-4BB0-A0B2-8F6C6E1A5D71}
	EndGlobalSection
EndGlobal
